# THIS IS AN AUTOGENERATED FILE. DO NOT EDIT THIS FILE DIRECTLY.
# yarn lockfile v1


big.js@~2.5.1:
  version "2.5.1"
  resolved "https://registry.yarnpkg.com/big.js/-/big.js-2.5.1.tgz#f3dbff02b6f561edb130925bf6d5f47163b061da"

json5@0.1.x:
  version "0.1.0"
  resolved "https://registry.yarnpkg.com/json5/-/json5-0.1.0.tgz#b23045f81f720422b0f3c7f3842be035765ccf2b"

loader-utils@0.2.6:
  version "0.2.6"
  resolved "https://registry.yarnpkg.com/loader-utils/-/loader-utils-0.2.6.tgz#306b798f6a24a5d78505fdb0db2ddd5bb2b90810"
  dependencies:
    big.js "~2.5.1"
    json5 "0.1.x"

svenjsx@0.3.1:
  version "0.3.1"
  resolved "https://registry.yarnpkg.com/svenjsx/-/svenjsx-0.3.1.tgz#d9fb3e468ec1322ada1d2ab0c4bd85cfca72f285"
